// !$*UTF8*$!
{
	archiveVersion = 1;
	classes = {
	};
	objectVersion = 46;
	objects = {

/* Begin PBXBuildFile section */
		5570A61C1D7F7BA1004DEA21 /* AppDelegate.swift in Sources */ = {isa = PBXBuildFile; fileRef = 5570A61B1D7F7BA1004DEA21 /* AppDelegate.swift */; };
		5570A61E1D7F7BA1004DEA21 /* HomeVC.swift in Sources */ = {isa = PBXBuildFile; fileRef = 5570A61D1D7F7BA1004DEA21 /* HomeVC.swift */; };
		5570A6231D7F7BA1004DEA21 /* Assets.xcassets in Resources */ = {isa = PBXBuildFile; fileRef = 5570A6221D7F7BA1004DEA21 /* Assets.xcassets */; };
		5570A6261D7F7BA1004DEA21 /* LaunchScreen.storyboard in Resources */ = {isa = PBXBuildFile; fileRef = 5570A6241D7F7BA1004DEA21 /* LaunchScreen.storyboard */; };
		5570A62F1D7F7E1B004DEA21 /* Extensions.swift in Sources */ = {isa = PBXBuildFile; fileRef = 5570A62E1D7F7E1B004DEA21 /* Extensions.swift */; };
		5570A6321D7F9525004DEA21 /* MenuBar.swift in Sources */ = {isa = PBXBuildFile; fileRef = 5570A6311D7F9525004DEA21 /* MenuBar.swift */; };
		55F648571D7FC37B00C35ADA /* MenuBarCell.swift in Sources */ = {isa = PBXBuildFile; fileRef = 55F648561D7FC37B00C35ADA /* MenuBarCell.swift */; };
		55F6485D1D7FCBD400C35ADA /* Constants.swift in Sources */ = {isa = PBXBuildFile; fileRef = 55F6485C1D7FCBD400C35ADA /* Constants.swift */; };
/* End PBXBuildFile section */

/* Begin PBXFileReference section */
		5570A6181D7F7BA1004DEA21 /* youtube.app */ = {isa = PBXFileReference; explicitFileType = wrapper.application; includeInIndex = 0; path = youtube.app; sourceTree = BUILT_PRODUCTS_DIR; };
		5570A61B1D7F7BA1004DEA21 /* AppDelegate.swift */ = {isa = PBXFileReference; lastKnownFileType = sourcecode.swift; path = AppDelegate.swift; sourceTree = "<group>"; };
		5570A61D1D7F7BA1004DEA21 /* HomeVC.swift */ = {isa = PBXFileReference; lastKnownFileType = sourcecode.swift; path = HomeVC.swift; sourceTree = "<group>"; };
		5570A6221D7F7BA1004DEA21 /* Assets.xcassets */ = {isa = PBXFileReference; lastKnownFileType = folder.assetcatalog; path = Assets.xcassets; sourceTree = "<group>"; };
		5570A6251D7F7BA1004DEA21 /* Base */ = {isa = PBXFileReference; lastKnownFileType = file.storyboard; name = Base; path = Base.lproj/LaunchScreen.storyboard; sourceTree = "<group>"; };
		5570A6271D7F7BA1004DEA21 /* Info.plist */ = {isa = PBXFileReference; lastKnownFileType = text.plist.xml; path = Info.plist; sourceTree = "<group>"; };
		5570A62E1D7F7E1B004DEA21 /* Extensions.swift */ = {isa = PBXFileReference; fileEncoding = 4; lastKnownFileType = sourcecode.swift; path = Extensions.swift; sourceTree = "<group>"; };
		5570A6311D7F9525004DEA21 /* MenuBar.swift */ = {isa = PBXFileReference; fileEncoding = 4; lastKnownFileType = sourcecode.swift; path = MenuBar.swift; sourceTree = "<group>"; };
		55F648561D7FC37B00C35ADA /* MenuBarCell.swift */ = {isa = PBXFileReference; fileEncoding = 4; lastKnownFileType = sourcecode.swift; path = MenuBarCell.swift; sourceTree = "<group>"; };
		55F6485C1D7FCBD400C35ADA /* Constants.swift */ = {isa = PBXFileReference; fileEncoding = 4; lastKnownFileType = sourcecode.swift; path = Constants.swift; sourceTree = "<group>"; };
/* End PBXFileReference section */

/* Begin PBXFrameworksBuildPhase section */
		5570A6151D7F7BA1004DEA21 /* Frameworks */ = {
			isa = PBXFrameworksBuildPhase;
			buildActionMask = 2147483647;
			files = (
			);
			runOnlyForDeploymentPostprocessing = 0;
		};
/* End PBXFrameworksBuildPhase section */

/* Begin PBXGroup section */
		5570A60F1D7F7BA1004DEA21 = {
			isa = PBXGroup;
			children = (
				5570A61A1D7F7BA1004DEA21 /* youtube */,
				5570A6191D7F7BA1004DEA21 /* Products */,
			);
			sourceTree = "<group>";
		};
		5570A6191D7F7BA1004DEA21 /* Products */ = {
			isa = PBXGroup;
			children = (
				5570A6181D7F7BA1004DEA21 /* youtube.app */,
			);
			name = Products;
			sourceTree = "<group>";
		};
		5570A61A1D7F7BA1004DEA21 /* youtube */ = {
			isa = PBXGroup;
			children = (
				5570A61B1D7F7BA1004DEA21 /* AppDelegate.swift */,
				55F6485A1D7FC96600C35ADA /* Controller */,
				55F6485B1D7FC97000C35ADA /* Helpers */,
				55F648581D7FC93000C35ADA /* View */,
				55F648591D7FC94100C35ADA /* Extras */,
			);
			path = youtube;
			sourceTree = "<group>";
		};
		55F648581D7FC93000C35ADA /* View */ = {
			isa = PBXGroup;
			children = (
				5570A6311D7F9525004DEA21 /* MenuBar.swift */,
				55F648561D7FC37B00C35ADA /* MenuBarCell.swift */,
			);
			name = View;
			sourceTree = "<group>";
		};
		55F648591D7FC94100C35ADA /* Extras */ = {
			isa = PBXGroup;
			children = (
				5570A6221D7F7BA1004DEA21 /* Assets.xcassets */,
				5570A6241D7F7BA1004DEA21 /* LaunchScreen.storyboard */,
				5570A6271D7F7BA1004DEA21 /* Info.plist */,
			);
			name = Extras;
			sourceTree = "<group>";
		};
		55F6485A1D7FC96600C35ADA /* Controller */ = {
			isa = PBXGroup;
			children = (
				5570A61D1D7F7BA1004DEA21 /* HomeVC.swift */,
			);
			name = Controller;
			sourceTree = "<group>";
		};
		55F6485B1D7FC97000C35ADA /* Helpers */ = {
			isa = PBXGroup;
			children = (
				5570A62E1D7F7E1B004DEA21 /* Extensions.swift */,
				55F6485C1D7FCBD400C35ADA /* Constants.swift */,
			);
			name = Helpers;
			sourceTree = "<group>";
		};
/* End PBXGroup section */

/* Begin PBXNativeTarget section */
		5570A6171D7F7BA1004DEA21 /* youtube */ = {
			isa = PBXNativeTarget;
			buildConfigurationList = 5570A62A1D7F7BA1004DEA21 /* Build configuration list for PBXNativeTarget "youtube" */;
			buildPhases = (
				5570A6141D7F7BA1004DEA21 /* Sources */,
				5570A6151D7F7BA1004DEA21 /* Frameworks */,
				5570A6161D7F7BA1004DEA21 /* Resources */,
			);
			buildRules = (
			);
			dependencies = (
			);
			name = youtube;
			productName = youtube;
			productReference = 5570A6181D7F7BA1004DEA21 /* youtube.app */;
			productType = "com.apple.product-type.application";
		};
/* End PBXNativeTarget section */

/* Begin PBXProject section */
		5570A6101D7F7BA1004DEA21 /* Project object */ = {
			isa = PBXProject;
			attributes = {
				LastSwiftUpdateCheck = 0800;
				LastUpgradeCheck = 0800;
				ORGANIZATIONNAME = "Bijan Oviedo";
				TargetAttributes = {
					5570A6171D7F7BA1004DEA21 = {
						CreatedOnToolsVersion = 8.0;
						DevelopmentTeam = AM2HKF6YNE;
						ProvisioningStyle = Automatic;
					};
				};
			};
			buildConfigurationList = 5570A6131D7F7BA1004DEA21 /* Build configuration list for PBXProject "youtube" */;
			compatibilityVersion = "Xcode 3.2";
			developmentRegion = English;
			hasScannedForEncodings = 0;
			knownRegions = (
				en,
				Base,
			);
			mainGroup = 5570A60F1D7F7BA1004DEA21;
			productRefGroup = 5570A6191D7F7BA1004DEA21 /* Products */;
			projectDirPath = "";
			projectRoot = "";
			targets = (
				5570A6171D7F7BA1004DEA21 /* youtube */,
			);
		};
/* End PBXProject section */

/* Begin PBXResourcesBuildPhase section */
		5570A6161D7F7BA1004DEA21 /* Resources */ = {
			isa = PBXResourcesBuildPhase;
			buildActionMask = 2147483647;
			files = (
				5570A6261D7F7BA1004DEA21 /* LaunchScreen.storyboard in Resources */,
				5570A6231D7F7BA1004DEA21 /* Assets.xcassets in Resources */,
			);
			runOnlyForDeploymentPostprocessing = 0;
		};
/* End PBXResourcesBuildPhase section */

/* Begin PBXSourcesBuildPhase section */
		5570A6141D7F7BA1004DEA21 /* Sources */ = {
			isa = PBXSourcesBuildPhase;
			buildActionMask = 2147483647;
			files = (
				5570A61E1D7F7BA1004DEA21 /* HomeVC.swift in Sources */,
				55F648571D7FC37B00C35ADA /* MenuBarCell.swift in Sources */,
				5570A62F1D7F7E1B004DEA21 /* Extensions.swift in Sources */,
				5570A6321D7F9525004DEA21 /* MenuBar.swift in Sources */,
				5570A61C1D7F7BA1004DEA21 /* AppDelegate.swift in Sources */,
				55F6485D1D7FCBD400C35ADA /* Constants.swift in Sources */,
			);
			runOnlyForDeploymentPostprocessing = 0;
		};
/* End PBXSourcesBuildPhase section */

/* Begin PBXVariantGroup section */
		5570A6241D7F7BA1004DEA21 /* LaunchScreen.storyboard */ = {
			isa = PBXVariantGroup;
			children = (
				5570A6251D7F7BA1004DEA21 /* Base */,
			);
			name = LaunchScreen.storyboard;
			sourceTree = "<group>";
		};
/* End PBXVariantGroup section */

/* Begin XCBuildConfiguration section */
		5570A6281D7F7BA1004DEA21 /* Debug */ = {
			isa = XCBuildConfiguration;
			buildSettings = {
				ALWAYS_SEARCH_USER_PATHS = NO;
				CLANG_ANALYZER_NONNULL = YES;
				CLANG_CXX_LANGUAGE_STANDARD = "gnu++0x";
				CLANG_CXX_LIBRARY = "libc++";
				CLANG_ENABLE_MODULES = YES;
				CLANG_ENABLE_OBJC_ARC = YES;
				CLANG_WARN_BOOL_CONVERSION = YES;
				CLANG_WARN_CONSTANT_CONVERSION = YES;
				CLANG_WARN_DIRECT_OBJC_ISA_USAGE = YES_ERROR;
				CLANG_WARN_DOCUMENTATION_COMMENTS = YES;
				CLANG_WARN_EMPTY_BODY = YES;
				CLANG_WARN_ENUM_CONVERSION = YES;
				CLANG_WARN_INFINITE_RECURSION = YES;
				CLANG_WARN_INT_CONVERSION = YES;
				CLANG_WARN_OBJC_ROOT_CLASS = YES_ERROR;
				CLANG_WARN_SUSPICIOUS_MOVES = YES;
				CLANG_WARN_UNREACHABLE_CODE = YES;
				CLANG_WARN__DUPLICATE_METHOD_MATCH = YES;
				"CODE_SIGN_IDENTITY[sdk=iphoneos*]" = "iPhone Developer";
				COPY_PHASE_STRIP = NO;
				DEBUG_INFORMATION_FORMAT = dwarf;
				ENABLE_STRICT_OBJC_MSGSEND = YES;
				ENABLE_TESTABILITY = YES;
				GCC_C_LANGUAGE_STANDARD = gnu99;
				GCC_DYNAMIC_NO_PIC = NO;
				GCC_NO_COMMON_BLOCKS = YES;
				GCC_OPTIMIZATION_LEVEL = 0;
				GCC_PREPROCESSOR_DEFINITIONS = (
					"DEBUG=1",
					"$(inherited)",
				);
				GCC_WARN_64_TO_32_BIT_CONVERSION = YES;
				GCC_WARN_ABOUT_RETURN_TYPE = YES_ERROR;
				GCC_WARN_UNDECLARED_SELECTOR = YES;
				GCC_WARN_UNINITIALIZED_AUTOS = YES_AGGRESSIVE;
				GCC_WARN_UNUSED_FUNCTION = YES;
				GCC_WARN_UNUSED_VARIABLE = YES;
				IPHONEOS_DEPLOYMENT_TARGET = 10.0;
				MTL_ENABLE_DEBUG_INFO = YES;
				ONLY_ACTIVE_ARCH = YES;
				SDKROOT = iphoneos;
				SWIFT_ACTIVE_COMPILATION_CONDITIONS = DEBUG;
				SWIFT_OPTIMIZATION_LEVEL = "-Onone";
			};
			name = Debug;
		};
		5570A6291D7F7BA1004DEA21 /* Release */ = {
			isa = XCBuildConfiguration;
			buildSettings = {
				ALWAYS_SEARCH_USER_PATHS = NO;
				CLANG_ANALYZER_NONNULL = YES;
				CLANG_CXX_LANGUAGE_STANDARD = "gnu++0x";
				CLANG_CXX_LIBRARY = "libc++";
				CLANG_ENABLE_MODULES = YES;
				CLANG_ENABLE_OBJC_ARC = YES;
				CLANG_WARN_BOOL_CONVERSION = YES;
				CLANG_WARN_CONSTANT_CONVERSION = YES;
				CLANG_WARN_DIRECT_OBJC_ISA_USAGE = YES_ERROR;
				CLANG_WARN_DOCUMENTATION_COMMENTS = YES;
				CLANG_WARN_EMPTY_BODY = YES;
				CLANG_WARN_ENUM_CONVERSION = YES;
				CLANG_WARN_INFINITE_RECURSION = YES;
				CLANG_WARN_INT_CONVERSION = YES;
				CLANG_WARN_OBJC_ROOT_CLASS = YES_ERROR;
				CLANG_WARN_SUSPICIOUS_MOVES = YES;
				CLANG_WARN_UNREACHABLE_CODE = YES;
				CLANG_WARN__DUPLICATE_METHOD_MATCH = YES;
				"CODE_SIGN_IDENTITY[sdk=iphoneos*]" = "iPhone Developer";
				COPY_PHASE_STRIP = NO;
				DEBUG_INFORMATION_FORMAT = "dwarf-with-dsym";
				ENABLE_NS_ASSERTIONS = NO;
				ENABLE_STRICT_OBJC_MSGSEND = YES;
				GCC_C_LANGUAGE_STANDARD = gnu99;
				GCC_NO_COMMON_BLOCKS = YES;
				GCC_WARN_64_TO_32_BIT_CONVERSION = YES;
				GCC_WARN_ABOUT_RETURN_TYPE = YES_ERROR;
				GCC_WARN_UNDECLARED_SELECTOR = YES;
				GCC_WARN_UNINITIALIZED_AUTOS = YES_AGGRESSIVE;
				GCC_WARN_UNUSED_FUNCTION = YES;
				GCC_WARN_UNUSED_VARIABLE = YES;
				IPHONEOS_DEPLOYMENT_TARGET = 10.0;
				MTL_ENABLE_DEBUG_INFO = NO;
				SDKROOT = iphoneos;
				SWIFT_OPTIMIZATION_LEVEL = "-Owholemodule";
				VALIDATE_PRODUCT = YES;
			};
			name = Release;
		};
		5570A62B1D7F7BA1004DEA21 /* Debug */ = {
			isa = XCBuildConfiguration;
			buildSettings = {
				ASSETCATALOG_COMPILER_APPICON_NAME = AppIcon;
				DEVELOPMENT_TEAM = AM2HKF6YNE;
				INFOPLIST_FILE = youtube/Info.plist;
				IPHONEOS_DEPLOYMENT_TARGET = 9.3;
				LD_RUNPATH_SEARCH_PATHS = "$(inherited) @executable_path/Frameworks";
				PRODUCT_BUNDLE_IDENTIFIER = boviedo.youtube;
				PRODUCT_NAME = "$(TARGET_NAME)";
				SWIFT_VERSION = 3.0;
			};
			name = Debug;
		};
		5570A62C1D7F7BA1004DEA21 /* Release */ = {
			isa = XCBuildConfiguration;
			buildSettings = {
				ASSETCATALOG_COMPILER_APPICON_NAME = AppIcon;
				DEVELOPMENT_TEAM = AM2HKF6YNE;
				INFOPLIST_FILE = youtube/Info.plist;
				IPHONEOS_DEPLOYMENT_TARGET = 9.3;
				LD_RUNPATH_SEARCH_PATHS = "$(inherited) @executable_path/Frameworks";
				PRODUCT_BUNDLE_IDENTIFIER = boviedo.youtube;
				PRODUCT_NAME = "$(TARGET_NAME)";
				SWIFT_VERSION = 3.0;
			};
			name = Release;
		};
/* End XCBuildConfiguration section */

/* Begin XCConfigurationList section */
		5570A6131D7F7BA1004DEA21 /* Build configuration list for PBXProject "youtube" */ = {
			isa = XCConfigurationList;
			buildConfigurations = (
				5570A6281D7F7BA1004DEA21 /* Debug */,
				5570A6291D7F7BA1004DEA21 /* Release */,
			);
			defaultConfigurationIsVisible = 0;
			defaultConfigurationName = Release;
		};
		5570A62A1D7F7BA1004DEA21 /* Build configuration list for PBXNativeTarget "youtube" */ = {
			isa = XCConfigurationList;
			buildConfigurations = (
				5570A62B1D7F7BA1004DEA21 /* Debug */,
				5570A62C1D7F7BA1004DEA21 /* Release */,
			);
			defaultConfigurationIsVisible = 0;
			defaultConfigurationName = Release;
		};
/* End XCConfigurationList section */
	};
	rootObject = 5570A6101D7F7BA1004DEA21 /* Project object */;
}
